// !$*UTF8*$!
{
	archiveVersion = 1;
	classes = {
	};
	objectVersion = 50;
	objects = {

/* Begin PBXBuildFile section */
		A985A02825856CE500E3FE26 /* AppDelegate.swift in Sources */ = {isa = PBXBuildFile; fileRef = A985A02725856CE500E3FE26 /* AppDelegate.swift */; };
		A985A02A25856CE500E3FE26 /* SceneDelegate.swift in Sources */ = {isa = PBXBuildFile; fileRef = A985A02925856CE500E3FE26 /* SceneDelegate.swift */; };
		A985A02C25856CE500E3FE26 /* ViewController.swift in Sources */ = {isa = PBXBuildFile; fileRef = A985A02B25856CE500E3FE26 /* ViewController.swift */; };
		A985A02F25856CE500E3FE26 /* Main.storyboard in Resources */ = {isa = PBXBuildFile; fileRef = A985A02D25856CE500E3FE26 /* Main.storyboard */; };
		A985A03125856CE600E3FE26 /* Assets.xcassets in Resources */ = {isa = PBXBuildFile; fileRef = A985A03025856CE600E3FE26 /* Assets.xcassets */; };
		A985A03425856CE600E3FE26 /* LaunchScreen.storyboard in Resources */ = {isa = PBXBuildFile; fileRef = A985A03225856CE600E3FE26 /* LaunchScreen.storyboard */; };
		A986D2B92585F03100B02000 /* SignlnViewController.swift in Sources */ = {isa = PBXBuildFile; fileRef = A986D2B82585F03100B02000 /* SignlnViewController.swift */; };
		A986D2BC2585FDD000B02000 /* CandyViewController.swift in Sources */ = {isa = PBXBuildFile; fileRef = A986D2BB2585FDD000B02000 /* CandyViewController.swift */; };
/* End PBXBuildFile section */

/* Begin PBXFileReference section */
		A985A02425856CE500E3FE26 /* The Animation.app */ = {isa = PBXFileReference; explicitFileType = wrapper.application; includeInIndex = 0; path = "The Animation.app"; sourceTree = BUILT_PRODUCTS_DIR; };
		A985A02725856CE500E3FE26 /* AppDelegate.swift */ = {isa = PBXFileReference; lastKnownFileType = sourcecode.swift; path = AppDelegate.swift; sourceTree = "<group>"; };
		A985A02925856CE500E3FE26 /* SceneDelegate.swift */ = {isa = PBXFileReference; lastKnownFileType = sourcecode.swift; path = SceneDelegate.swift; sourceTree = "<group>"; };
		A985A02B25856CE500E3FE26 /* ViewController.swift */ = {isa = PBXFileReference; lastKnownFileType = sourcecode.swift; path = ViewController.swift; sourceTree = "<group>"; };
		A985A02E25856CE500E3FE26 /* Base */ = {isa = PBXFileReference; lastKnownFileType = file.storyboard; name = Base; path = Base.lproj/Main.storyboard; sourceTree = "<group>"; };
		A985A03025856CE600E3FE26 /* Assets.xcassets */ = {isa = PBXFileReference; lastKnownFileType = folder.assetcatalog; path = Assets.xcassets; sourceTree = "<group>"; };
		A985A03325856CE600E3FE26 /* Base */ = {isa = PBXFileReference; lastKnownFileType = file.storyboard; name = Base; path = Base.lproj/LaunchScreen.storyboard; sourceTree = "<group>"; };
		A985A03525856CE600E3FE26 /* Info.plist */ = {isa = PBXFileReference; lastKnownFileType = text.plist.xml; path = Info.plist; sourceTree = "<group>"; };
		A986D2B82585F03100B02000 /* SignlnViewController.swift */ = {isa = PBXFileReference; lastKnownFileType = sourcecode.swift; path = SignlnViewController.swift; sourceTree = "<group>"; };
		A986D2BB2585FDD000B02000 /* CandyViewController.swift */ = {isa = PBXFileReference; lastKnownFileType = sourcecode.swift; path = CandyViewController.swift; sourceTree = "<group>"; };
/* End PBXFileReference section */

/* Begin PBXFrameworksBuildPhase section */
		A985A02125856CE500E3FE26 /* Frameworks */ = {
			isa = PBXFrameworksBuildPhase;
			buildActionMask = 2147483647;
			files = (
			);
			runOnlyForDeploymentPostprocessing = 0;
		};
/* End PBXFrameworksBuildPhase section */

/* Begin PBXGroup section */
		A985A01B25856CE500E3FE26 = {
			isa = PBXGroup;
			children = (
				A985A02625856CE500E3FE26 /* The Animation */,
				A985A02525856CE500E3FE26 /* Products */,
			);
			sourceTree = "<group>";
		};
		A985A02525856CE500E3FE26 /* Products */ = {
			isa = PBXGroup;
			children = (
				A985A02425856CE500E3FE26 /* The Animation.app */,
			);
			name = Products;
			sourceTree = "<group>";
		};
		A985A02625856CE500E3FE26 /* The Animation */ = {
			isa = PBXGroup;
			children = (
				A985A02725856CE500E3FE26 /* AppDelegate.swift */,
				A985A02925856CE500E3FE26 /* SceneDelegate.swift */,
				A985A02B25856CE500E3FE26 /* ViewController.swift */,
				A985A02D25856CE500E3FE26 /* Main.storyboard */,
				A986D2BB2585FDD000B02000 /* CandyViewController.swift */,
				A986D2B82585F03100B02000 /* SignlnViewController.swift */,
				A985A03025856CE600E3FE26 /* Assets.xcassets */,
				A985A03225856CE600E3FE26 /* LaunchScreen.storyboard */,
				A985A03525856CE600E3FE26 /* Info.plist */,
			);
			path = "The Animation";
			sourceTree = "<group>";
		};
/* End PBXGroup section */

/* Begin PBXNativeTarget section */
		A985A02325856CE500E3FE26 /* The Animation */ = {
			isa = PBXNativeTarget;
			buildConfigurationList = A985A03825856CE600E3FE26 /* Build configuration list for PBXNativeTarget "The Animation" */;
			buildPhases = (
				A985A02025856CE500E3FE26 /* Sources */,
				A985A02125856CE500E3FE26 /* Frameworks */,
				A985A02225856CE500E3FE26 /* Resources */,
			);
			buildRules = (
			);
			dependencies = (
			);
			name = "The Animation";
			productName = "The Animation";
			productReference = A985A02425856CE500E3FE26 /* The Animation.app */;
			productType = "com.apple.product-type.application";
		};
/* End PBXNativeTarget section */

/* Begin PBXProject section */
		A985A01C25856CE500E3FE26 /* Project object */ = {
			isa = PBXProject;
			attributes = {
				LastSwiftUpdateCheck = 1220;
				LastUpgradeCheck = 1220;
				TargetAttributes = {
					A985A02325856CE500E3FE26 = {
						CreatedOnToolsVersion = 12.2;
					};
				};
			};
			buildConfigurationList = A985A01F25856CE500E3FE26 /* Build configuration list for PBXProject "The Animation" */;
			compatibilityVersion = "Xcode 9.3";
			developmentRegion = en;
			hasScannedForEncodings = 0;
			knownRegions = (
				en,
				Base,
			);
			mainGroup = A985A01B25856CE500E3FE26;
			productRefGroup = A985A02525856CE500E3FE26 /* Products */;
			projectDirPath = "";
			projectRoot = "";
			targets = (
				A985A02325856CE500E3FE26 /* The Animation */,
			);
		};
/* End PBXProject section */

/* Begin PBXResourcesBuildPhase section */
		A985A02225856CE500E3FE26 /* Resources */ = {
			isa = PBXResourcesBuildPhase;
			buildActionMask = 2147483647;
			files = (
				A985A03425856CE600E3FE26 /* LaunchScreen.storyboard in Resources */,
				A985A03125856CE600E3FE26 /* Assets.xcassets in Resources */,
				A985A02F25856CE500E3FE26 /* Main.storyboard in Resources */,
			);
			runOnlyForDeploymentPostprocessing = 0;
		};
/* End PBXResourcesBuildPhase section */

/* Begin PBXSourcesBuildPhase section */
		A985A02025856CE500E3FE26 /* Sources */ = {
			isa = PBXSourcesBuildPhase;
			buildActionMask = 2147483647;
			files = (
				A986D2BC2585FDD000B02000 /* CandyViewController.swift in Sources */,
				A985A02C25856CE500E3FE26 /* ViewController.swift in Sources */,
				A985A02825856CE500E3FE26 /* AppDelegate.swift in Sources */,
				A985A02A25856CE500E3FE26 /* SceneDelegate.swift in Sources */,
				A986D2B92585F03100B02000 /* SignlnViewController.swift in Sources */,
			);
			runOnlyForDeploymentPostprocessing = 0;
		};
/* End PBXSourcesBuildPhase section */

/* Begin PBXVariantGroup section */
		A985A02D25856CE500E3FE26 /* Main.storyboard */ = {
			isa = PBXVariantGroup;
			children = (
				A985A02E25856CE500E3FE26 /* Base */,
			);
			name = Main.storyboard;
			sourceTree = "<group>";
		};
		A985A03225856CE600E3FE26 /* LaunchScreen.storyboard */ = {
			isa = PBXVariantGroup;
			children = (
				A985A03325856CE600E3FE26 /* Base */,
			);
			name = LaunchScreen.storyboard;
			sourceTree = "<group>";
		};
/* End PBXVariantGroup section */

/* Begin XCBuildConfiguration section */
		A985A03625856CE600E3FE26 /* Debug */ = {
			isa = XCBuildConfiguration;
			buildSettings = {
				ALWAYS_SEARCH_USER_PATHS = NO;
				CLANG_ANALYZER_NONNULL = YES;
				CLANG_ANALYZER_NUMBER_OBJECT_CONVERSION = YES_AGGRESSIVE;
				CLANG_CXX_LANGUAGE_STANDARD = "gnu++14";
				CLANG_CXX_LIBRARY = "libc++";
				CLANG_ENABLE_MODULES = YES;
				CLANG_ENABLE_OBJC_ARC = YES;
				CLANG_ENABLE_OBJC_WEAK = YES;
				CLANG_WARN_BLOCK_CAPTURE_AUTORELEASING = YES;
				CLANG_WARN_BOOL_CONVERSION = YES;
				CLANG_WARN_COMMA = YES;
				CLANG_WARN_CONSTANT_CONVERSION = YES;
				CLANG_WARN_DEPRECATED_OBJC_IMPLEMENTATIONS = YES;
				CLANG_WARN_DIRECT_OBJC_ISA_USAGE = YES_ERROR;
				CLANG_WARN_DOCUMENTATION_COMMENTS = YES;
				CLANG_WARN_EMPTY_BODY = YES;
				CLANG_WARN_ENUM_CONVERSION = YES;
				CLANG_WARN_INFINITE_RECURSION = YES;
				CLANG_WARN_INT_CONVERSION = YES;
				CLANG_WARN_NON_LITERAL_NULL_CONVERSION = YES;
				CLANG_WARN_OBJC_IMPLICIT_RETAIN_SELF = YES;
				CLANG_WARN_OBJC_LITERAL_CONVERSION = YES;
				CLANG_WARN_OBJC_ROOT_CLASS = YES_ERROR;
				CLANG_WARN_QUOTED_INCLUDE_IN_FRAMEWORK_HEADER = YES;
				CLANG_WARN_RANGE_LOOP_ANALYSIS = YES;
				CLANG_WARN_STRICT_PROTOTYPES = YES;
				CLANG_WARN_SUSPICIOUS_MOVE = YES;
				CLANG_WARN_UNGUARDED_AVAILABILITY = YES_AGGRESSIVE;
				CLANG_WARN_UNREACHABLE_CODE = YES;
				CLANG_WARN__DUPLICATE_METHOD_MATCH = YES;
				COPY_PHASE_STRIP = NO;
				DEBUG_INFORMATION_FORMAT = dwarf;
				ENABLE_STRICT_OBJC_MSGSEND = YES;
				ENABLE_TESTABILITY = YES;
				GCC_C_LANGUAGE_STANDARD = gnu11;
				GCC_DYNAMIC_NO_PIC = NO;
				GCC_NO_COMMON_BLOCKS = YES;
				GCC_OPTIMIZATION_LEVEL = 0;
				GCC_PREPROCESSOR_DEFINITIONS = (
					"DEBUG=1",
					"$(inherited)",
				);
				GCC_WARN_64_TO_32_BIT_CONVERSION = YES;
				GCC_WARN_ABOUT_RETURN_TYPE = YES_ERROR;
				GCC_WARN_UNDECLARED_SELECTOR = YES;
				GCC_WARN_UNINITIALIZED_AUTOS = YES_AGGRESSIVE;
				GCC_WARN_UNUSED_FUNCTION = YES;
				GCC_WARN_UNUSED_VARIABLE = YES;
				IPHONEOS_DEPLOYMENT_TARGET = 14.2;
				MTL_ENABLE_DEBUG_INFO = INCLUDE_SOURCE;
				MTL_FAST_MATH = YES;
				ONLY_ACTIVE_ARCH = YES;
				SDKROOT = iphoneos;
				SWIFT_ACTIVE_COMPILATION_CONDITIONS = DEBUG;
				SWIFT_OPTIMIZATION_LEVEL = "-Onone";
			};
			name = Debug;
		};
		A985A03725856CE600E3FE26 /* Release */ = {
			isa = XCBuildConfiguration;
			buildSettings = {
				ALWAYS_SEARCH_USER_PATHS = NO;
				CLANG_ANALYZER_NONNULL = YES;
				CLANG_ANALYZER_NUMBER_OBJECT_CONVERSION = YES_AGGRESSIVE;
				CLANG_CXX_LANGUAGE_STANDARD = "gnu++14";
				CLANG_CXX_LIBRARY = "libc++";
				CLANG_ENABLE_MODULES = YES;
				CLANG_ENABLE_OBJC_ARC = YES;
				CLANG_ENABLE_OBJC_WEAK = YES;
				CLANG_WARN_BLOCK_CAPTURE_AUTORELEASING = YES;
				CLANG_WARN_BOOL_CONVERSION = YES;
				CLANG_WARN_COMMA = YES;
				CLANG_WARN_CONSTANT_CONVERSION = YES;
				CLANG_WARN_DEPRECATED_OBJC_IMPLEMENTATIONS = YES;
				CLANG_WARN_DIRECT_OBJC_ISA_USAGE = YES_ERROR;
				CLANG_WARN_DOCUMENTATION_COMMENTS = YES;
				CLANG_WARN_EMPTY_BODY = YES;
				CLANG_WARN_ENUM_CONVERSION = YES;
				CLANG_WARN_INFINITE_RECURSION = YES;
				CLANG_WARN_INT_CONVERSION = YES;
				CLANG_WARN_NON_LITERAL_NULL_CONVERSION = YES;
				CLANG_WARN_OBJC_IMPLICIT_RETAIN_SELF = YES;
				CLANG_WARN_OBJC_LITERAL_CONVERSION = YES;
				CLANG_WARN_OBJC_ROOT_CLASS = YES_ERROR;
				CLANG_WARN_QUOTED_INCLUDE_IN_FRAMEWORK_HEADER = YES;
				CLANG_WARN_RANGE_LOOP_ANALYSIS = YES;
				CLANG_WARN_STRICT_PROTOTYPES = YES;
				CLANG_WARN_SUSPICIOUS_MOVE = YES;
				CLANG_WARN_UNGUARDED_AVAILABILITY = YES_AGGRESSIVE;
				CLANG_WARN_UNREACHABLE_CODE = YES;
				CLANG_WARN__DUPLICATE_METHOD_MATCH = YES;
				COPY_PHASE_STRIP = NO;
				DEBUG_INFORMATION_FORMAT = "dwarf-with-dsym";
				ENABLE_NS_ASSERTIONS = NO;
				ENABLE_STRICT_OBJC_MSGSEND = YES;
				GCC_C_LANGUAGE_STANDARD = gnu11;
				GCC_NO_COMMON_BLOCKS = YES;
				GCC_WARN_64_TO_32_BIT_CONVERSION = YES;
				GCC_WARN_ABOUT_RETURN_TYPE = YES_ERROR;
				GCC_WARN_UNDECLARED_SELECTOR = YES;
				GCC_WARN_UNINITIALIZED_AUTOS = YES_AGGRESSIVE;
				GCC_WARN_UNUSED_FUNCTION = YES;
				GCC_WARN_UNUSED_VARIABLE = YES;
				IPHONEOS_DEPLOYMENT_TARGET = 14.2;
				MTL_ENABLE_DEBUG_INFO = NO;
				MTL_FAST_MATH = YES;
				SDKROOT = iphoneos;
				SWIFT_COMPILATION_MODE = wholemodule;
				SWIFT_OPTIMIZATION_LEVEL = "-O";
				VALIDATE_PRODUCT = YES;
			};
			name = Release;
		};
		A985A03925856CE600E3FE26 /* Debug */ = {
			isa = XCBuildConfiguration;
			buildSettings = {
				ASSETCATALOG_COMPILER_APPICON_NAME = AppIcon;
				ASSETCATALOG_COMPILER_GLOBAL_ACCENT_COLOR_NAME = AccentColor;
				CODE_SIGN_STYLE = Automatic;
				INFOPLIST_FILE = "The Animation/Info.plist";
				LD_RUNPATH_SEARCH_PATHS = (
					"$(inherited)",
					"@executable_path/Frameworks",
				);
				PRODUCT_BUNDLE_IDENTIFIER = "ru.Danilenko.The-Animation";
				PRODUCT_NAME = "$(TARGET_NAME)";
				SWIFT_VERSION = 5.0;
				TARGETED_DEVICE_FAMILY = "1,2";
			};
			name = Debug;
		};
		A985A03A25856CE600E3FE26 /* Release */ = {
			isa = XCBuildConfiguration;
			buildSettings = {
				ASSETCATALOG_COMPILER_APPICON_NAME = AppIcon;
				ASSETCATALOG_COMPILER_GLOBAL_ACCENT_COLOR_NAME = AccentColor;
				CODE_SIGN_STYLE = Automatic;
				INFOPLIST_FILE = "The Animation/Info.plist";
				LD_RUNPATH_SEARCH_PATHS = (
					"$(inherited)",
					"@executable_path/Frameworks",
				);
				PRODUCT_BUNDLE_IDENTIFIER = "ru.Danilenko.The-Animation";
				PRODUCT_NAME = "$(TARGET_NAME)";
				SWIFT_VERSION = 5.0;
				TARGETED_DEVICE_FAMILY = "1,2";
			};
			name = Release;
		};
/* End XCBuildConfiguration section */

/* Begin XCConfigurationList section */
		A985A01F25856CE500E3FE26 /* Build configuration list for PBXProject "The Animation" */ = {
			isa = XCConfigurationList;
			buildConfigurations = (
				A985A03625856CE600E3FE26 /* Debug */,
				A985A03725856CE600E3FE26 /* Release */,
			);
			defaultConfigurationIsVisible = 0;
			defaultConfigurationName = Release;
		};
		A985A03825856CE600E3FE26 /* Build configuration list for PBXNativeTarget "The Animation" */ = {
			isa = XCConfigurationList;
			buildConfigurations = (
				A985A03925856CE600E3FE26 /* Debug */,
				A985A03A25856CE600E3FE26 /* Release */,
			);
			defaultConfigurationIsVisible = 0;
			defaultConfigurationName = Release;
		};
/* End XCConfigurationList section */
	};
	rootObject = A985A01C25856CE500E3FE26 /* Project object */;
}
